PODS:
  - AudioKit (4.3):
    - AudioKit/UI (= 4.3)
  - AudioKit/UI (4.3)
  - MusicTheorySwift (1.0.0)

DEPENDENCIES:
  - AudioKit
  - MusicTheorySwift

SPEC REPOS:
  https://github.com/cocoapods/specs.git:
    - AudioKit
    - MusicTheorySwift

SPEC CHECKSUMS:
  AudioKit: 95bd2427c1afa7954d71b0c6195a09b87b7448bc
  MusicTheorySwift: 2102218ba959c04204f376d02f7719fe5f4cfb98

PODFILE CHECKSUM: 764d3bc377f062fd50498863e2d6ba840303cc72

COCOAPODS: 1.5.3
